PODS:
  - Alamofire (4.0.1)
  - SwiftSpinner (1.1.0)
  - SwiftyJSON (3.1.1)

DEPENDENCIES:
  - Alamofire (from `https://github.com/Homely/Alamofire.git`, branch `ios8`)
  - SwiftSpinner
  - SwiftyJSON (from `https://github.com/SwiftyJSON/SwiftyJSON.git`)

EXTERNAL SOURCES:
  Alamofire:
    :branch: ios8
    :git: https://github.com/Homely/Alamofire.git
  SwiftyJSON:
    :git: https://github.com/SwiftyJSON/SwiftyJSON.git

CHECKOUT OPTIONS:
  Alamofire:
    :commit: 276386cf230cb7e91964ca0021e7ddfa58d2439c
    :git: https://github.com/Homely/Alamofire.git
  SwiftyJSON:
    :commit: ffbc7e4b8ee0e9ec76966007e7a7bef659aea284
    :git: https://github.com/SwiftyJSON/SwiftyJSON.git

SPEC CHECKSUMS:
  Alamofire: d8ab1487ca8accacde5d0c65ae8144bdf9a264b8
  SwiftSpinner: c03815614599b91eea46594bd52ba742849d0414
  SwiftyJSON: f0be2e604f83e8405a624e9f891898bf6ed4e019

PODFILE CHECKSUM: 591d8b1072ce6b884746f063d8d15e6da852b967

COCOAPODS: 1.2.0.beta.1
